
Microsoft Visual Studio Solution File, Format Version 12.00
# Visual Studio Version 16
VisualStudioVersion = 16.0.29424.173
MinimumVisualStudioVersion = 10.0.40219.1
Project("{FAE04EC0-301F-11D3-BF4B-00C04F79EFBC}") = "Snake_v1.2", "Snake_v1.2.csproj", "{DC204559-5D4E-4BBF-A9D1-919F2CA28517}"
EndProject
Global
	GlobalSection(SolutionConfigurationPlatforms) = preSolution
		Debug|Any CPU = Debug|Any CPU
		Release|Any CPU = Release|Any CPU
	EndGlobalSection
	GlobalSection(ProjectConfigurationPlatforms) = postSolution
		{DC204559-5D4E-4BBF-A9D1-919F2CA28517}.Debug|Any CPU.ActiveCfg = Debug|Any CPU
		{DC204559-5D4E-4BBF-A9D1-919F2CA28517}.Debug|Any CPU.Build.0 = Debug|Any CPU
		{DC204559-5D4E-4BBF-A9D1-919F2CA28517}.Release|Any CPU.ActiveCfg = Release|Any CPU
		{DC204559-5D4E-4BBF-A9D1-919F2CA28517}.Release|Any CPU.Build.0 = Release|Any CPU
	EndGlobalSection
	GlobalSection(SolutionProperties) = preSolution
		HideSolutionNode = FALSE
	EndGlobalSection
	GlobalSection(ExtensibilityGlobals) = postSolution
		SolutionGuid = {1BDC56BF-C6BB-4F61-A44B-B9C7AD66F726}
	EndGlobalSection
EndGlobal
